// !$*UTF8*$!
{
	archiveVersion = 1;
	classes = {
	};
	objectVersion = 46;
	objects = {

/* Begin PBXBuildFile section */
		2E34921B1D061154007AD457 /* Cell.swift in Sources */ = {isa = PBXBuildFile; fileRef = 2EAB667F1CF78B7F00ED24AF /* Cell.swift */; };
		2EAB66521CF77E0000ED24AF /* AppDelegate.swift in Sources */ = {isa = PBXBuildFile; fileRef = 2EAB66511CF77E0000ED24AF /* AppDelegate.swift */; };
		2EAB66541CF77E0000ED24AF /* ViewController.swift in Sources */ = {isa = PBXBuildFile; fileRef = 2EAB66531CF77E0000ED24AF /* ViewController.swift */; };
		2EAB66571CF77E0000ED24AF /* Main.storyboard in Resources */ = {isa = PBXBuildFile; fileRef = 2EAB66551CF77E0000ED24AF /* Main.storyboard */; };
		2EAB66591CF77E0000ED24AF /* Assets.xcassets in Resources */ = {isa = PBXBuildFile; fileRef = 2EAB66581CF77E0000ED24AF /* Assets.xcassets */; };
		2EAB665C1CF77E0000ED24AF /* LaunchScreen.storyboard in Resources */ = {isa = PBXBuildFile; fileRef = 2EAB665A1CF77E0000ED24AF /* LaunchScreen.storyboard */; };
		2EAB66671CF77E0100ED24AF /* MinesweeperTests.swift in Sources */ = {isa = PBXBuildFile; fileRef = 2EAB66661CF77E0100ED24AF /* MinesweeperTests.swift */; };
		2EAB66721CF77E0100ED24AF /* MinesweeperUITests.swift in Sources */ = {isa = PBXBuildFile; fileRef = 2EAB66711CF77E0100ED24AF /* MinesweeperUITests.swift */; };
		2EAB66801CF78B7F00ED24AF /* Cell.swift in Sources */ = {isa = PBXBuildFile; fileRef = 2EAB667F1CF78B7F00ED24AF /* Cell.swift */; };
		2EAB66821CF78E7600ED24AF /* Board.swift in Sources */ = {isa = PBXBuildFile; fileRef = 2EAB66811CF78E7600ED24AF /* Board.swift */; };
		2EAB66831CF78E7600ED24AF /* Board.swift in Sources */ = {isa = PBXBuildFile; fileRef = 2EAB66811CF78E7600ED24AF /* Board.swift */; };
/* End PBXBuildFile section */

/* Begin PBXContainerItemProxy section */
		2EAB66631CF77E0100ED24AF /* PBXContainerItemProxy */ = {
			isa = PBXContainerItemProxy;
			containerPortal = 2EAB66461CF77E0000ED24AF /* Project object */;
			proxyType = 1;
			remoteGlobalIDString = 2EAB664D1CF77E0000ED24AF;
			remoteInfo = Minesweeper;
		};
		2EAB666E1CF77E0100ED24AF /* PBXContainerItemProxy */ = {
			isa = PBXContainerItemProxy;
			containerPortal = 2EAB66461CF77E0000ED24AF /* Project object */;
			proxyType = 1;
			remoteGlobalIDString = 2EAB664D1CF77E0000ED24AF;
			remoteInfo = Minesweeper;
		};
/* End PBXContainerItemProxy section */

/* Begin PBXFileReference section */
		2EAB664E1CF77E0000ED24AF /* Minesweeper.app */ = {isa = PBXFileReference; explicitFileType = wrapper.application; includeInIndex = 0; path = Minesweeper.app; sourceTree = BUILT_PRODUCTS_DIR; };
		2EAB66511CF77E0000ED24AF /* AppDelegate.swift */ = {isa = PBXFileReference; lastKnownFileType = sourcecode.swift; path = AppDelegate.swift; sourceTree = "<group>"; };
		2EAB66531CF77E0000ED24AF /* ViewController.swift */ = {isa = PBXFileReference; lastKnownFileType = sourcecode.swift; path = ViewController.swift; sourceTree = "<group>"; };
		2EAB66561CF77E0000ED24AF /* Base */ = {isa = PBXFileReference; lastKnownFileType = file.storyboard; name = Base; path = Base.lproj/Main.storyboard; sourceTree = "<group>"; };
		2EAB66581CF77E0000ED24AF /* Assets.xcassets */ = {isa = PBXFileReference; lastKnownFileType = folder.assetcatalog; path = Assets.xcassets; sourceTree = "<group>"; };
		2EAB665B1CF77E0000ED24AF /* Base */ = {isa = PBXFileReference; lastKnownFileType = file.storyboard; name = Base; path = Base.lproj/LaunchScreen.storyboard; sourceTree = "<group>"; };
		2EAB665D1CF77E0000ED24AF /* Info.plist */ = {isa = PBXFileReference; lastKnownFileType = text.plist.xml; path = Info.plist; sourceTree = "<group>"; };
		2EAB66621CF77E0100ED24AF /* MinesweeperTests.xctest */ = {isa = PBXFileReference; explicitFileType = wrapper.cfbundle; includeInIndex = 0; path = MinesweeperTests.xctest; sourceTree = BUILT_PRODUCTS_DIR; };
		2EAB66661CF77E0100ED24AF /* MinesweeperTests.swift */ = {isa = PBXFileReference; lastKnownFileType = sourcecode.swift; path = MinesweeperTests.swift; sourceTree = "<group>"; };
		2EAB66681CF77E0100ED24AF /* Info.plist */ = {isa = PBXFileReference; lastKnownFileType = text.plist.xml; path = Info.plist; sourceTree = "<group>"; };
		2EAB666D1CF77E0100ED24AF /* MinesweeperUITests.xctest */ = {isa = PBXFileReference; explicitFileType = wrapper.cfbundle; includeInIndex = 0; path = MinesweeperUITests.xctest; sourceTree = BUILT_PRODUCTS_DIR; };
		2EAB66711CF77E0100ED24AF /* MinesweeperUITests.swift */ = {isa = PBXFileReference; lastKnownFileType = sourcecode.swift; path = MinesweeperUITests.swift; sourceTree = "<group>"; };
		2EAB66731CF77E0100ED24AF /* Info.plist */ = {isa = PBXFileReference; lastKnownFileType = text.plist.xml; path = Info.plist; sourceTree = "<group>"; };
		2EAB667F1CF78B7F00ED24AF /* Cell.swift */ = {isa = PBXFileReference; fileEncoding = 4; lastKnownFileType = sourcecode.swift; path = Cell.swift; sourceTree = "<group>"; };
		2EAB66811CF78E7600ED24AF /* Board.swift */ = {isa = PBXFileReference; fileEncoding = 4; lastKnownFileType = sourcecode.swift; path = Board.swift; sourceTree = "<group>"; };
/* End PBXFileReference section */

/* Begin PBXFrameworksBuildPhase section */
		2EAB664B1CF77E0000ED24AF /* Frameworks */ = {
			isa = PBXFrameworksBuildPhase;
			buildActionMask = 2147483647;
			files = (
			);
			runOnlyForDeploymentPostprocessing = 0;
		};
		2EAB665F1CF77E0100ED24AF /* Frameworks */ = {
			isa = PBXFrameworksBuildPhase;
			buildActionMask = 2147483647;
			files = (
			);
			runOnlyForDeploymentPostprocessing = 0;
		};
		2EAB666A1CF77E0100ED24AF /* Frameworks */ = {
			isa = PBXFrameworksBuildPhase;
			buildActionMask = 2147483647;
			files = (
			);
			runOnlyForDeploymentPostprocessing = 0;
		};
/* End PBXFrameworksBuildPhase section */

/* Begin PBXGroup section */
		2EAB66451CF77E0000ED24AF = {
			isa = PBXGroup;
			children = (
				2EAB66501CF77E0000ED24AF /* Minesweeper */,
				2EAB66651CF77E0100ED24AF /* MinesweeperTests */,
				2EAB66701CF77E0100ED24AF /* MinesweeperUITests */,
				2EAB664F1CF77E0000ED24AF /* Products */,
			);
			sourceTree = "<group>";
		};
		2EAB664F1CF77E0000ED24AF /* Products */ = {
			isa = PBXGroup;
			children = (
				2EAB664E1CF77E0000ED24AF /* Minesweeper.app */,
				2EAB66621CF77E0100ED24AF /* MinesweeperTests.xctest */,
				2EAB666D1CF77E0100ED24AF /* MinesweeperUITests.xctest */,
			);
			name = Products;
			sourceTree = "<group>";
		};
		2EAB66501CF77E0000ED24AF /* Minesweeper */ = {
			isa = PBXGroup;
			children = (
				2EAB667F1CF78B7F00ED24AF /* Cell.swift */,
				2EAB66811CF78E7600ED24AF /* Board.swift */,
				2EAB66511CF77E0000ED24AF /* AppDelegate.swift */,
				2EAB66531CF77E0000ED24AF /* ViewController.swift */,
				2EAB66551CF77E0000ED24AF /* Main.storyboard */,
				2EAB66581CF77E0000ED24AF /* Assets.xcassets */,
				2EAB665A1CF77E0000ED24AF /* LaunchScreen.storyboard */,
				2EAB665D1CF77E0000ED24AF /* Info.plist */,
			);
			path = Minesweeper;
			sourceTree = "<group>";
		};
		2EAB66651CF77E0100ED24AF /* MinesweeperTests */ = {
			isa = PBXGroup;
			children = (
				2EAB66661CF77E0100ED24AF /* MinesweeperTests.swift */,
				2EAB66681CF77E0100ED24AF /* Info.plist */,
			);
			path = MinesweeperTests;
			sourceTree = "<group>";
		};
		2EAB66701CF77E0100ED24AF /* MinesweeperUITests */ = {
			isa = PBXGroup;
			children = (
				2EAB66711CF77E0100ED24AF /* MinesweeperUITests.swift */,
				2EAB66731CF77E0100ED24AF /* Info.plist */,
			);
			path = MinesweeperUITests;
			sourceTree = "<group>";
		};
/* End PBXGroup section */

/* Begin PBXNativeTarget section */
		2EAB664D1CF77E0000ED24AF /* Minesweeper */ = {
			isa = PBXNativeTarget;
			buildConfigurationList = 2EAB66761CF77E0100ED24AF /* Build configuration list for PBXNativeTarget "Minesweeper" */;
			buildPhases = (
				2EAB664A1CF77E0000ED24AF /* Sources */,
				2EAB664B1CF77E0000ED24AF /* Frameworks */,
				2EAB664C1CF77E0000ED24AF /* Resources */,
			);
			buildRules = (
			);
			dependencies = (
			);
			name = Minesweeper;
			productName = Minesweeper;
			productReference = 2EAB664E1CF77E0000ED24AF /* Minesweeper.app */;
			productType = "com.apple.product-type.application";
		};
		2EAB66611CF77E0100ED24AF /* MinesweeperTests */ = {
			isa = PBXNativeTarget;
			buildConfigurationList = 2EAB66791CF77E0100ED24AF /* Build configuration list for PBXNativeTarget "MinesweeperTests" */;
			buildPhases = (
				2EAB665E1CF77E0100ED24AF /* Sources */,
				2EAB665F1CF77E0100ED24AF /* Frameworks */,
				2EAB66601CF77E0100ED24AF /* Resources */,
			);
			buildRules = (
			);
			dependencies = (
				2EAB66641CF77E0100ED24AF /* PBXTargetDependency */,
			);
			name = MinesweeperTests;
			productName = MinesweeperTests;
			productReference = 2EAB66621CF77E0100ED24AF /* MinesweeperTests.xctest */;
			productType = "com.apple.product-type.bundle.unit-test";
		};
		2EAB666C1CF77E0100ED24AF /* MinesweeperUITests */ = {
			isa = PBXNativeTarget;
			buildConfigurationList = 2EAB667C1CF77E0100ED24AF /* Build configuration list for PBXNativeTarget "MinesweeperUITests" */;
			buildPhases = (
				2EAB66691CF77E0100ED24AF /* Sources */,
				2EAB666A1CF77E0100ED24AF /* Frameworks */,
				2EAB666B1CF77E0100ED24AF /* Resources */,
			);
			buildRules = (
			);
			dependencies = (
				2EAB666F1CF77E0100ED24AF /* PBXTargetDependency */,
			);
			name = MinesweeperUITests;
			productName = MinesweeperUITests;
			productReference = 2EAB666D1CF77E0100ED24AF /* MinesweeperUITests.xctest */;
			productType = "com.apple.product-type.bundle.ui-testing";
		};
/* End PBXNativeTarget section */

/* Begin PBXProject section */
		2EAB66461CF77E0000ED24AF /* Project object */ = {
			isa = PBXProject;
			attributes = {
				LastSwiftUpdateCheck = 0730;
				LastUpgradeCheck = 0730;
				ORGANIZATIONNAME = "Juan M Penaranda";
				TargetAttributes = {
					2EAB664D1CF77E0000ED24AF = {
						CreatedOnToolsVersion = 7.3.1;
						DevelopmentTeam = CDGJD823MH;
					};
					2EAB66611CF77E0100ED24AF = {
						CreatedOnToolsVersion = 7.3.1;
						TestTargetID = 2EAB664D1CF77E0000ED24AF;
					};
					2EAB666C1CF77E0100ED24AF = {
						CreatedOnToolsVersion = 7.3.1;
						TestTargetID = 2EAB664D1CF77E0000ED24AF;
					};
				};
			};
			buildConfigurationList = 2EAB66491CF77E0000ED24AF /* Build configuration list for PBXProject "Minesweeper" */;
			compatibilityVersion = "Xcode 3.2";
			developmentRegion = English;
			hasScannedForEncodings = 0;
			knownRegions = (
				en,
				Base,
			);
			mainGroup = 2EAB66451CF77E0000ED24AF;
			productRefGroup = 2EAB664F1CF77E0000ED24AF /* Products */;
			projectDirPath = "";
			projectRoot = "";
			targets = (
				2EAB664D1CF77E0000ED24AF /* Minesweeper */,
				2EAB66611CF77E0100ED24AF /* MinesweeperTests */,
				2EAB666C1CF77E0100ED24AF /* MinesweeperUITests */,
			);
		};
/* End PBXProject section */

/* Begin PBXResourcesBuildPhase section */
		2EAB664C1CF77E0000ED24AF /* Resources */ = {
			isa = PBXResourcesBuildPhase;
			buildActionMask = 2147483647;
			files = (
				2EAB665C1CF77E0000ED24AF /* LaunchScreen.storyboard in Resources */,
				2EAB66591CF77E0000ED24AF /* Assets.xcassets in Resources */,
				2EAB66571CF77E0000ED24AF /* Main.storyboard in Resources */,
			);
			runOnlyForDeploymentPostprocessing = 0;
		};
		2EAB66601CF77E0100ED24AF /* Resources */ = {
			isa = PBXResourcesBuildPhase;
			buildActionMask = 2147483647;
			files = (
			);
			runOnlyForDeploymentPostprocessing = 0;
		};
		2EAB666B1CF77E0100ED24AF /* Resources */ = {
			isa = PBXResourcesBuildPhase;
			buildActionMask = 2147483647;
			files = (
			);
			runOnlyForDeploymentPostprocessing = 0;
		};
/* End PBXResourcesBuildPhase section */

/* Begin PBXSourcesBuildPhase section */
		2EAB664A1CF77E0000ED24AF /* Sources */ = {
			isa = PBXSourcesBuildPhase;
			buildActionMask = 2147483647;
			files = (
				2EAB66541CF77E0000ED24AF /* ViewController.swift in Sources */,
				2EAB66521CF77E0000ED24AF /* AppDelegate.swift in Sources */,
				2EAB66821CF78E7600ED24AF /* Board.swift in Sources */,
				2EAB66801CF78B7F00ED24AF /* Cell.swift in Sources */,
			);
			runOnlyForDeploymentPostprocessing = 0;
		};
		2EAB665E1CF77E0100ED24AF /* Sources */ = {
			isa = PBXSourcesBuildPhase;
			buildActionMask = 2147483647;
			files = (
				2EAB66831CF78E7600ED24AF /* Board.swift in Sources */,
				2EAB66671CF77E0100ED24AF /* MinesweeperTests.swift in Sources */,
				2E34921B1D061154007AD457 /* Cell.swift in Sources */,
			);
			runOnlyForDeploymentPostprocessing = 0;
		};
		2EAB66691CF77E0100ED24AF /* Sources */ = {
			isa = PBXSourcesBuildPhase;
			buildActionMask = 2147483647;
			files = (
				2EAB66721CF77E0100ED24AF /* MinesweeperUITests.swift in Sources */,
			);
			runOnlyForDeploymentPostprocessing = 0;
		};
/* End PBXSourcesBuildPhase section */

/* Begin PBXTargetDependency section */
		2EAB66641CF77E0100ED24AF /* PBXTargetDependency */ = {
			isa = PBXTargetDependency;
			target = 2EAB664D1CF77E0000ED24AF /* Minesweeper */;
			targetProxy = 2EAB66631CF77E0100ED24AF /* PBXContainerItemProxy */;
		};
		2EAB666F1CF77E0100ED24AF /* PBXTargetDependency */ = {
			isa = PBXTargetDependency;
			target = 2EAB664D1CF77E0000ED24AF /* Minesweeper */;
			targetProxy = 2EAB666E1CF77E0100ED24AF /* PBXContainerItemProxy */;
		};
/* End PBXTargetDependency section */

/* Begin PBXVariantGroup section */
		2EAB66551CF77E0000ED24AF /* Main.storyboard */ = {
			isa = PBXVariantGroup;
			children = (
				2EAB66561CF77E0000ED24AF /* Base */,
			);
			name = Main.storyboard;
			sourceTree = "<group>";
		};
		2EAB665A1CF77E0000ED24AF /* LaunchScreen.storyboard */ = {
			isa = PBXVariantGroup;
			children = (
				2EAB665B1CF77E0000ED24AF /* Base */,
			);
			name = LaunchScreen.storyboard;
			sourceTree = "<group>";
		};
/* End PBXVariantGroup section */

/* Begin XCBuildConfiguration section */
		2EAB66741CF77E0100ED24AF /* Debug */ = {
			isa = XCBuildConfiguration;
			buildSettings = {
				ALWAYS_SEARCH_USER_PATHS = NO;
				CLANG_ANALYZER_NONNULL = YES;
				CLANG_CXX_LANGUAGE_STANDARD = "gnu++0x";
				CLANG_CXX_LIBRARY = "libc++";
				CLANG_ENABLE_MODULES = YES;
				CLANG_ENABLE_OBJC_ARC = YES;
				CLANG_WARN_BOOL_CONVERSION = YES;
				CLANG_WARN_CONSTANT_CONVERSION = YES;
				CLANG_WARN_DIRECT_OBJC_ISA_USAGE = YES_ERROR;
				CLANG_WARN_EMPTY_BODY = YES;
				CLANG_WARN_ENUM_CONVERSION = YES;
				CLANG_WARN_INT_CONVERSION = YES;
				CLANG_WARN_OBJC_ROOT_CLASS = YES_ERROR;
				CLANG_WARN_UNREACHABLE_CODE = YES;
				CLANG_WARN__DUPLICATE_METHOD_MATCH = YES;
				"CODE_SIGN_IDENTITY[sdk=iphoneos*]" = "iPhone Developer";
				COPY_PHASE_STRIP = NO;
				DEBUG_INFORMATION_FORMAT = dwarf;
				ENABLE_STRICT_OBJC_MSGSEND = YES;
				ENABLE_TESTABILITY = YES;
				GCC_C_LANGUAGE_STANDARD = gnu99;
				GCC_DYNAMIC_NO_PIC = NO;
				GCC_NO_COMMON_BLOCKS = YES;
				GCC_OPTIMIZATION_LEVEL = 0;
				GCC_PREPROCESSOR_DEFINITIONS = (
					"DEBUG=1",
					"$(inherited)",
				);
				GCC_WARN_64_TO_32_BIT_CONVERSION = YES;
				GCC_WARN_ABOUT_RETURN_TYPE = YES_ERROR;
				GCC_WARN_UNDECLARED_SELECTOR = YES;
				GCC_WARN_UNINITIALIZED_AUTOS = YES_AGGRESSIVE;
				GCC_WARN_UNUSED_FUNCTION = YES;
				GCC_WARN_UNUSED_VARIABLE = YES;
				IPHONEOS_DEPLOYMENT_TARGET = 9.3;
				MTL_ENABLE_DEBUG_INFO = YES;
				ONLY_ACTIVE_ARCH = YES;
				SDKROOT = iphoneos;
				SWIFT_OPTIMIZATION_LEVEL = "-Onone";
				TARGETED_DEVICE_FAMILY = "1,2";
			};
			name = Debug;
		};
		2EAB66751CF77E0100ED24AF /* Release */ = {
			isa = XCBuildConfiguration;
			buildSettings = {
				ALWAYS_SEARCH_USER_PATHS = NO;
				CLANG_ANALYZER_NONNULL = YES;
				CLANG_CXX_LANGUAGE_STANDARD = "gnu++0x";
				CLANG_CXX_LIBRARY = "libc++";
				CLANG_ENABLE_MODULES = YES;
				CLANG_ENABLE_OBJC_ARC = YES;
				CLANG_WARN_BOOL_CONVERSION = YES;
				CLANG_WARN_CONSTANT_CONVERSION = YES;
				CLANG_WARN_DIRECT_OBJC_ISA_USAGE = YES_ERROR;
				CLANG_WARN_EMPTY_BODY = YES;
				CLANG_WARN_ENUM_CONVERSION = YES;
				CLANG_WARN_INT_CONVERSION = YES;
				CLANG_WARN_OBJC_ROOT_CLASS = YES_ERROR;
				CLANG_WARN_UNREACHABLE_CODE = YES;
				CLANG_WARN__DUPLICATE_METHOD_MATCH = YES;
				"CODE_SIGN_IDENTITY[sdk=iphoneos*]" = "iPhone Developer";
				COPY_PHASE_STRIP = NO;
				DEBUG_INFORMATION_FORMAT = "dwarf-with-dsym";
				ENABLE_NS_ASSERTIONS = NO;
				ENABLE_STRICT_OBJC_MSGSEND = YES;
				GCC_C_LANGUAGE_STANDARD = gnu99;
				GCC_NO_COMMON_BLOCKS = YES;
				GCC_WARN_64_TO_32_BIT_CONVERSION = YES;
				GCC_WARN_ABOUT_RETURN_TYPE = YES_ERROR;
				GCC_WARN_UNDECLARED_SELECTOR = YES;
				GCC_WARN_UNINITIALIZED_AUTOS = YES_AGGRESSIVE;
				GCC_WARN_UNUSED_FUNCTION = YES;
				GCC_WARN_UNUSED_VARIABLE = YES;
				IPHONEOS_DEPLOYMENT_TARGET = 9.3;
				MTL_ENABLE_DEBUG_INFO = NO;
				SDKROOT = iphoneos;
				TARGETED_DEVICE_FAMILY = "1,2";
				VALIDATE_PRODUCT = YES;
			};
			name = Release;
		};
		2EAB66771CF77E0100ED24AF /* Debug */ = {
			isa = XCBuildConfiguration;
			buildSettings = {
				ASSETCATALOG_COMPILER_APPICON_NAME = AppIcon;
				CODE_SIGN_IDENTITY = "iPhone Developer";
				"CODE_SIGN_IDENTITY[sdk=iphoneos*]" = "iPhone Developer";
				INFOPLIST_FILE = Minesweeper/Info.plist;
				LD_RUNPATH_SEARCH_PATHS = "$(inherited) @executable_path/Frameworks";
				PRODUCT_BUNDLE_IDENTIFIER = com.example.Minesweeper;
				PRODUCT_NAME = "$(TARGET_NAME)";
				PROVISIONING_PROFILE = "";
			};
			name = Debug;
		};
		2EAB66781CF77E0100ED24AF /* Release */ = {
			isa = XCBuildConfiguration;
			buildSettings = {
				ASSETCATALOG_COMPILER_APPICON_NAME = AppIcon;
				CODE_SIGN_IDENTITY = "iPhone Developer";
				"CODE_SIGN_IDENTITY[sdk=iphoneos*]" = "iPhone Developer";
				INFOPLIST_FILE = Minesweeper/Info.plist;
				LD_RUNPATH_SEARCH_PATHS = "$(inherited) @executable_path/Frameworks";
				PRODUCT_BUNDLE_IDENTIFIER = com.example.Minesweeper;
				PRODUCT_NAME = "$(TARGET_NAME)";
				PROVISIONING_PROFILE = "";
			};
			name = Release;
		};
		2EAB667A1CF77E0100ED24AF /* Debug */ = {
			isa = XCBuildConfiguration;
			buildSettings = {
				BUNDLE_LOADER = "$(TEST_HOST)";
				INFOPLIST_FILE = MinesweeperTests/Info.plist;
				LD_RUNPATH_SEARCH_PATHS = "$(inherited) @executable_path/Frameworks @loader_path/Frameworks";
				PRODUCT_BUNDLE_IDENTIFIER = com.example.MinesweeperTests;
				PRODUCT_NAME = "$(TARGET_NAME)";
				TEST_HOST = "$(BUILT_PRODUCTS_DIR)/Minesweeper.app/Minesweeper";
			};
			name = Debug;
		};
		2EAB667B1CF77E0100ED24AF /* Release */ = {
			isa = XCBuildConfiguration;
			buildSettings = {
				BUNDLE_LOADER = "$(TEST_HOST)";
				INFOPLIST_FILE = MinesweeperTests/Info.plist;
				LD_RUNPATH_SEARCH_PATHS = "$(inherited) @executable_path/Frameworks @loader_path/Frameworks";
				PRODUCT_BUNDLE_IDENTIFIER = com.example.MinesweeperTests;
				PRODUCT_NAME = "$(TARGET_NAME)";
				TEST_HOST = "$(BUILT_PRODUCTS_DIR)/Minesweeper.app/Minesweeper";
			};
			name = Release;
		};
		2EAB667D1CF77E0100ED24AF /* Debug */ = {
			isa = XCBuildConfiguration;
			buildSettings = {
				INFOPLIST_FILE = MinesweeperUITests/Info.plist;
				LD_RUNPATH_SEARCH_PATHS = "$(inherited) @executable_path/Frameworks @loader_path/Frameworks";
				PRODUCT_BUNDLE_IDENTIFIER = com.example.MinesweeperUITests;
				PRODUCT_NAME = "$(TARGET_NAME)";
				TEST_TARGET_NAME = Minesweeper;
			};
			name = Debug;
		};
		2EAB667E1CF77E0100ED24AF /* Release */ = {
			isa = XCBuildConfiguration;
			buildSettings = {
				INFOPLIST_FILE = MinesweeperUITests/Info.plist;
				LD_RUNPATH_SEARCH_PATHS = "$(inherited) @executable_path/Frameworks @loader_path/Frameworks";
				PRODUCT_BUNDLE_IDENTIFIER = com.example.MinesweeperUITests;
				PRODUCT_NAME = "$(TARGET_NAME)";
				TEST_TARGET_NAME = Minesweeper;
			};
			name = Release;
		};
/* End XCBuildConfiguration section */

/* Begin XCConfigurationList section */
		2EAB66491CF77E0000ED24AF /* Build configuration list for PBXProject "Minesweeper" */ = {
			isa = XCConfigurationList;
			buildConfigurations = (
				2EAB66741CF77E0100ED24AF /* Debug */,
				2EAB66751CF77E0100ED24AF /* Release */,
			);
			defaultConfigurationIsVisible = 0;
			defaultConfigurationName = Release;
		};
		2EAB66761CF77E0100ED24AF /* Build configuration list for PBXNativeTarget "Minesweeper" */ = {
			isa = XCConfigurationList;
			buildConfigurations = (
				2EAB66771CF77E0100ED24AF /* Debug */,
				2EAB66781CF77E0100ED24AF /* Release */,
			);
			defaultConfigurationIsVisible = 0;
			defaultConfigurationName = Release;
		};
		2EAB66791CF77E0100ED24AF /* Build configuration list for PBXNativeTarget "MinesweeperTests" */ = {
			isa = XCConfigurationList;
			buildConfigurations = (
				2EAB667A1CF77E0100ED24AF /* Debug */,
				2EAB667B1CF77E0100ED24AF /* Release */,
			);
			defaultConfigurationIsVisible = 0;
			defaultConfigurationName = Release;
		};
		2EAB667C1CF77E0100ED24AF /* Build configuration list for PBXNativeTarget "MinesweeperUITests" */ = {
			isa = XCConfigurationList;
			buildConfigurations = (
				2EAB667D1CF77E0100ED24AF /* Debug */,
				2EAB667E1CF77E0100ED24AF /* Release */,
			);
			defaultConfigurationIsVisible = 0;
			defaultConfigurationName = Release;
		};
/* End XCConfigurationList section */
	};
	rootObject = 2EAB66461CF77E0000ED24AF /* Project object */;
}
